{
  "name": "codemirrormodes",
  "version": "1.0.0",
  "lockfileVersion": 1,
  "requires": true,
  "dependencies": {
    "codemirror": {
      "version": "github:codemirror/CodeMirror#212bafa8ab7837abebc1d326ed943540a9a47200",
      "from": "github:codemirror/CodeMirror",
      "dev": true
    }
  }
}
